github.com/Overclock-Validator/crypto v0.0.0-20250305201602-3a1f344cde60 h1:HAHbQ3b1g1cNmaSKHDLWGTljB6leY9HHk/QHr6Hw3xg=
github.com/Overclock-Validator/crypto v0.0.0-20250305201602-3a1f344cde60/go.mod h1:ZhRHOaVg8I1gg0VK4wmqOQPnlgPgKFT9McZ+TCW/hBA=
github.com/Overclock-Validator/crypto v0.0.0-20250306094427-916af9973d6a h1:DOBtXINExRP/DDVGqrnqfQCmkitTMsLw4I85zoQl3Xo=
github.com/Overclock-Validator/crypto v0.0.0-20250306094427-916af9973d6a/go.mod h1:ZhRHOaVg8I1gg0VK4wmqOQPnlgPgKFT9McZ+TCW/hBA=
github.com/Overclock-Validator/crypto v0.0.0-20250306233942-23fd7478ec8d h1:Rhu0cTPiA3Kn74bxoZLJ5mKk/kift/CFb6ORpPwsO5s=
github.com/Overclock-Validator/crypto v0.0.0-20250306233942-23fd7478ec8d/go.mod h1:ZhRHOaVg8I1gg0VK4wmqOQPnlgPgKFT9McZ+TCW/hBA=
github.com/Overclock-Validator/crypto v0.0.0-20250307094320-aaf52fac5261 h1:Y715CmRx2hFfXguU0xSlGkZZ7/RYpKutWffZUiQSPvw=
github.com/Overclock-Validator/crypto v0.0.0-20250307094320-aaf52fac5261/go.mod h1:ZhRHOaVg8I1gg0VK4wmqOQPnlgPgKFT9McZ+TCW/hBA=
github.com/davecgh/go-spew v1.1.1 h1:vj9j/u1bqnvCEfJOwUhtlOARqs3+rkHYY13jYWTU97c=
github.com/davecgh/go-spew v1.1.1/go.mod h1:J7Y8YcW2NihsgmVo/mv3lAwl/skON4iLHjSsI+c5H38=
github.com/dchest/blake2b v1.0.0 h1:KK9LimVmE0MjRl9095XJmKqZ+iLxWATvlcpVFRtaw6s=
github.com/dchest/blake2b v1.0.0/go.mod h1:U034kXgbJpCle2wSk5ybGIVhOSHCVLMDqOzcPEA0F7s=
github.com/philsippl/bgls v0.5.3 h1:U3APzaVbcmmbsPfp/7m6lAGxwIQQho4E40X92cdeyc4=
github.com/philsippl/bgls v0.5.3/go.mod h1:Dib3OXMOInDQqZnWoQUzdE8TgBLYwREQcd1go/DA+yo=
github.com/philsippl/bls12 v0.0.0-20210305152037-695a40105eda h1:Z61Yiben2im4bnhXeGXWtAvNdofnzid0ZV8GFJuLZ7w=
github.com/philsippl/bls12 v0.0.0-20210305152037-695a40105eda/go.mod h1:Cn3GLkLc0LQuf2cMuX5ZUTLs2efGlMa8GQyyy80CwI8=
github.com/pmezard/go-difflib v1.0.0 h1:4DBwDE0NGyQoBHbLQYPwSUPoCMWR5BEzIk/f1lZbAQM=
github.com/pmezard/go-difflib v1.0.0/go.mod h1:iKH77koFhYxTK1pcRnkKkqfTogsbg7gZNVY4sRDYZ/4=
github.com/stretchr/testify v1.10.0 h1:Xv5erBjTwe/5IxqUQTdXv5kgmIvbHo3QQyRwhJsOfJA=
github.com/stretchr/testify v1.10.0/go.mod h1:r2ic/lqez/lEtzL7wO/rwa5dbSLXVDPFyf8C91i36aY=
golang.org/x/crypto v0.36.0 h1:AnAEvhDddvBdpY+uR+MyHmuZzzNqXSe/GvuDeob5L34=
golang.org/x/crypto v0.36.0/go.mod h1:Y4J0ReaxCR1IMaabaSMugxJES1EpwhBHhv2bDHklZvc=
golang.org/x/sys v0.31.0 h1:ioabZlmFYtWhL+TRYpcnNlLwhyxaM9kWTDEmfnprqik=
golang.org/x/sys v0.31.0/go.mod h1:BJP2sWEmIv4KK5OTEluFJCKSidICx8ciO85XgH3Ak8k=
gopkg.in/check.v1 v0.0.0-20161208181325-20d25e280405 h1:yhCVgyC4o1eVCa2tZl7eS0r+SDo693bJlVdllGtEeKM=
gopkg.in/check.v1 v0.0.0-20161208181325-20d25e280405/go.mod h1:Co6ibVJAznAaIkqp8huTwlJQCZ016jof/cbN4VW5Yz0=
gopkg.in/yaml.v3 v3.0.1 h1:fxVm/GzAzEWqLHuvctI91KS9hhNmmWOoWu0XTYJS7CA=
gopkg.in/yaml.v3 v3.0.1/go.mod h1:K4uyk7z7BCEPqu6E+C64Yfv1cQ7kz7rIZviUmN+EgEM=
